
Microsoft Visual Studio Solution File, Format Version 12.00
# Visual Studio Version 16
VisualStudioVersion = 16.0.31515.178
MinimumVisualStudioVersion = 10.0.40219.1
Project("{FAE04EC0-301F-11D3-BF4B-00C04F79EFBC}") = "teste", "teste\teste.csproj", "{699A97E1-B642-4C7E-9983-8DA3584FCA11}"
EndProject
Global
	GlobalSection(SolutionConfigurationPlatforms) = preSolution
		Debug|Any CPU = Debug|Any CPU
		Release|Any CPU = Release|Any CPU
	EndGlobalSection
	GlobalSection(ProjectConfigurationPlatforms) = postSolution
		{699A97E1-B642-4C7E-9983-8DA3584FCA11}.Debug|Any CPU.ActiveCfg = Debug|Any CPU
		{699A97E1-B642-4C7E-9983-8DA3584FCA11}.Debug|Any CPU.Build.0 = Debug|Any CPU
		{699A97E1-B642-4C7E-9983-8DA3584FCA11}.Release|Any CPU.ActiveCfg = Release|Any CPU
		{699A97E1-B642-4C7E-9983-8DA3584FCA11}.Release|Any CPU.Build.0 = Release|Any CPU
	EndGlobalSection
	GlobalSection(SolutionProperties) = preSolution
		HideSolutionNode = FALSE
	EndGlobalSection
	GlobalSection(ExtensibilityGlobals) = postSolution
		SolutionGuid = {0B8A315C-79F2-444C-8B3E-753FEF2C7A75}
	EndGlobalSection
EndGlobal
